
Microsoft Visual Studio Solution File, Format Version 12.00
# Visual Studio Version 17
VisualStudioVersion = 17.0.31903.59
MinimumVisualStudioVersion = 10.0.40219.1
Project("{2150E333-8FDC-42A3-9474-1A3956D46DE8}") = "src", "src", "{1A23B431-2D73-4DD2-A936-F17415BBC777}"
EndProject
Project("{FAE04EC0-301F-11D3-BF4B-00C04F79EFBC}") = "Web", "src\Web\Web.csproj", "{07BB8D6B-52D4-4CFB-9FA8-6BD417477ADA}"
EndProject
Global
	GlobalSection(SolutionConfigurationPlatforms) = preSolution
		Debug|Any CPU = Debug|Any CPU
		Release|Any CPU = Release|Any CPU
	EndGlobalSection
	GlobalSection(SolutionProperties) = preSolution
		HideSolutionNode = FALSE
	EndGlobalSection
	GlobalSection(ProjectConfigurationPlatforms) = postSolution
		{07BB8D6B-52D4-4CFB-9FA8-6BD417477ADA}.Debug|Any CPU.ActiveCfg = Debug|Any CPU
		{07BB8D6B-52D4-4CFB-9FA8-6BD417477ADA}.Debug|Any CPU.Build.0 = Debug|Any CPU
		{07BB8D6B-52D4-4CFB-9FA8-6BD417477ADA}.Release|Any CPU.ActiveCfg = Release|Any CPU
		{07BB8D6B-52D4-4CFB-9FA8-6BD417477ADA}.Release|Any CPU.Build.0 = Release|Any CPU
		{7181BD86-C4BD-42FA-84F2-217C7DAB04E2}.Debug|Any CPU.ActiveCfg = Debug|Any CPU
		{7181BD86-C4BD-42FA-84F2-217C7DAB04E2}.Debug|Any CPU.Build.0 = Debug|Any CPU
		{7181BD86-C4BD-42FA-84F2-217C7DAB04E2}.Release|Any CPU.ActiveCfg = Release|Any CPU
		{7181BD86-C4BD-42FA-84F2-217C7DAB04E2}.Release|Any CPU.Build.0 = Release|Any CPU
	EndGlobalSection
	GlobalSection(NestedProjects) = preSolution
		{07BB8D6B-52D4-4CFB-9FA8-6BD417477ADA} = {1A23B431-2D73-4DD2-A936-F17415BBC777}
		{7181BD86-C4BD-42FA-84F2-217C7DAB04E2} = {1A23B431-2D73-4DD2-A936-F17415BBC777}
	EndGlobalSection
EndGlobal
